
Microsoft Visual Studio Solution File, Format Version 12.00
# Visual Studio Version 17
VisualStudioVersion = 17.4.33213.308
MinimumVisualStudioVersion = 10.0.40219.1
Project("{FAE04EC0-301F-11D3-BF4B-00C04F79EFBC}") = "HangmanGame", "HangmanGame\HangmanGame.csproj", "{BACDB1FC-E7E7-4EE9-82B9-920F875FF748}"
EndProject
Global
	GlobalSection(SolutionConfigurationPlatforms) = preSolution
		Debug|Any CPU = Debug|Any CPU
		Release|Any CPU = Release|Any CPU
	EndGlobalSection
	GlobalSection(ProjectConfigurationPlatforms) = postSolution
		{BACDB1FC-E7E7-4EE9-82B9-920F875FF748}.Debug|Any CPU.ActiveCfg = Debug|Any CPU
		{BACDB1FC-E7E7-4EE9-82B9-920F875FF748}.Debug|Any CPU.Build.0 = Debug|Any CPU
		{BACDB1FC-E7E7-4EE9-82B9-920F875FF748}.Release|Any CPU.ActiveCfg = Release|Any CPU
		{BACDB1FC-E7E7-4EE9-82B9-920F875FF748}.Release|Any CPU.Build.0 = Release|Any CPU
	EndGlobalSection
	GlobalSection(SolutionProperties) = preSolution
		HideSolutionNode = FALSE
	EndGlobalSection
	GlobalSection(ExtensibilityGlobals) = postSolution
		SolutionGuid = {03C44E07-EF79-4724-A082-BE985CC11E2E}
	EndGlobalSection
EndGlobal
